// !$*UTF8*$!
{
	archiveVersion = 1;
	classes = {
	};
	objectVersion = 46;
	objects = {

/* Begin PBXBuildFile section */
		FE097BE51DC2A53100F2AF2D /* NetworkHelper.swift in Sources */ = {isa = PBXBuildFile; fileRef = FE097BE41DC2A53100F2AF2D /* NetworkHelper.swift */; };
		FE5111D51DC689BC00DA220C /* Regex.swift in Sources */ = {isa = PBXBuildFile; fileRef = FE5111D41DC689BC00DA220C /* Regex.swift */; };
		FE5111D71DC68CB800DA220C /* PySwiftyRegex.swift in Sources */ = {isa = PBXBuildFile; fileRef = FE5111D61DC68CB800DA220C /* PySwiftyRegex.swift */; };
		FEEA88071DE389490086134E /* JSON.swift in Sources */ = {isa = PBXBuildFile; fileRef = FEEA88061DE389490086134E /* JSON.swift */; };
		FEEAAC831DECB68F007A7269 /* SessionDelegate.swift in Sources */ = {isa = PBXBuildFile; fileRef = FEEAAC821DECB68F007A7269 /* SessionDelegate.swift */; };
		FEEAAC871DECC397007A7269 /* PortalClient.swift in Sources */ = {isa = PBXBuildFile; fileRef = FEEAAC861DECC397007A7269 /* PortalClient.swift */; };
		OBJ_19 /* main.swift in Sources */ = {isa = PBXBuildFile; fileRef = OBJ_9 /* main.swift */; };
/* End PBXBuildFile section */

/* Begin PBXFileReference section */
		FE097BE41DC2A53100F2AF2D /* NetworkHelper.swift */ = {isa = PBXFileReference; fileEncoding = 4; lastKnownFileType = sourcecode.swift; path = NetworkHelper.swift; sourceTree = "<group>"; };
		FE5111D41DC689BC00DA220C /* Regex.swift */ = {isa = PBXFileReference; fileEncoding = 4; lastKnownFileType = sourcecode.swift; path = Regex.swift; sourceTree = "<group>"; };
		FE5111D61DC68CB800DA220C /* PySwiftyRegex.swift */ = {isa = PBXFileReference; fileEncoding = 4; lastKnownFileType = sourcecode.swift; path = PySwiftyRegex.swift; sourceTree = "<group>"; };
		FEEA88061DE389490086134E /* JSON.swift */ = {isa = PBXFileReference; fileEncoding = 4; lastKnownFileType = sourcecode.swift; path = JSON.swift; sourceTree = "<group>"; };
		FEEAAC821DECB68F007A7269 /* SessionDelegate.swift */ = {isa = PBXFileReference; fileEncoding = 4; lastKnownFileType = sourcecode.swift; path = SessionDelegate.swift; sourceTree = "<group>"; };
		FEEAAC861DECC397007A7269 /* PortalClient.swift */ = {isa = PBXFileReference; fileEncoding = 4; lastKnownFileType = sourcecode.swift; path = PortalClient.swift; sourceTree = "<group>"; };
		OBJ_11 /* docs */ = {isa = PBXFileReference; lastKnownFileType = folder; path = docs; sourceTree = SOURCE_ROOT; };
		OBJ_13 /* swiftlane */ = {isa = PBXFileReference; explicitFileType = "compiled.mach-o.executable"; path = swiftlane; sourceTree = BUILT_PRODUCTS_DIR; };
		OBJ_6 /* Package.swift */ = {isa = PBXFileReference; explicitFileType = sourcecode.swift; path = Package.swift; sourceTree = "<group>"; };
		OBJ_9 /* main.swift */ = {isa = PBXFileReference; lastKnownFileType = sourcecode.swift; path = main.swift; sourceTree = "<group>"; };
/* End PBXFileReference section */

/* Begin PBXFrameworksBuildPhase section */
		OBJ_20 /* Frameworks */ = {
			isa = PBXFrameworksBuildPhase;
			buildActionMask = 0;
			files = (
			);
			runOnlyForDeploymentPostprocessing = 0;
		};
/* End PBXFrameworksBuildPhase section */

/* Begin PBXGroup section */
		FEEAAC841DECBD12007A7269 /* Helpers */ = {
			isa = PBXGroup;
			children = (
				FE097BE41DC2A53100F2AF2D /* NetworkHelper.swift */,
				FEEA88061DE389490086134E /* JSON.swift */,
				FE5111D41DC689BC00DA220C /* Regex.swift */,
				FE5111D61DC68CB800DA220C /* PySwiftyRegex.swift */,
				FEEAAC821DECB68F007A7269 /* SessionDelegate.swift */,
			);
			name = Helpers;
			sourceTree = "<group>";
		};
		FEEAAC851DECC372007A7269 /* Clients */ = {
			isa = PBXGroup;
			children = (
				FEEAAC861DECC397007A7269 /* PortalClient.swift */,
			);
			name = Clients;
			sourceTree = "<group>";
		};
		OBJ_10 /* Tests */ = {
			isa = PBXGroup;
			children = (
			);
			path = Tests;
			sourceTree = "<group>";
		};
		OBJ_12 /* Products */ = {
			isa = PBXGroup;
			children = (
				OBJ_13 /* swiftlane */,
			);
			name = Products;
			sourceTree = BUILT_PRODUCTS_DIR;
		};
		OBJ_5 = {
			isa = PBXGroup;
			children = (
				OBJ_6 /* Package.swift */,
				OBJ_7 /* Sources */,
				OBJ_10 /* Tests */,
				OBJ_11 /* docs */,
				OBJ_12 /* Products */,
			);
			sourceTree = "<group>";
		};
		OBJ_7 /* Sources */ = {
			isa = PBXGroup;
			children = (
				OBJ_8 /* swiftlane */,
				FEEAAC841DECBD12007A7269 /* Helpers */,
				FEEAAC851DECC372007A7269 /* Clients */,
			);
			path = Sources;
			sourceTree = "<group>";
		};
		OBJ_8 /* swiftlane */ = {
			isa = PBXGroup;
			children = (
				OBJ_9 /* main.swift */,
			);
			name = swiftlane;
			path = Sources;
			sourceTree = SOURCE_ROOT;
		};
/* End PBXGroup section */

/* Begin PBXNativeTarget section */
		OBJ_14 /* swiftlane */ = {
			isa = PBXNativeTarget;
			buildConfigurationList = OBJ_15 /* Build configuration list for PBXNativeTarget "swiftlane" */;
			buildPhases = (
				OBJ_18 /* Sources */,
				OBJ_20 /* Frameworks */,
			);
			buildRules = (
			);
			dependencies = (
			);
			name = swiftlane;
			productName = swiftlane;
			productReference = OBJ_13 /* swiftlane */;
			productType = "com.apple.product-type.tool";
		};
/* End PBXNativeTarget section */

/* Begin PBXProject section */
		OBJ_1 /* Project object */ = {
			isa = PBXProject;
			attributes = {
				LastUpgradeCheck = 9999;
			};
			buildConfigurationList = OBJ_2 /* Build configuration list for PBXProject "swiftlane" */;
			compatibilityVersion = "Xcode 3.2";
			developmentRegion = English;
			hasScannedForEncodings = 0;
			knownRegions = (
				en,
			);
			mainGroup = OBJ_5;
			productRefGroup = OBJ_12 /* Products */;
			projectDirPath = "";
			projectRoot = "";
			targets = (
				OBJ_14 /* swiftlane */,
			);
		};
/* End PBXProject section */

/* Begin PBXSourcesBuildPhase section */
		OBJ_18 /* Sources */ = {
			isa = PBXSourcesBuildPhase;
			buildActionMask = 0;
			files = (
				FE5111D71DC68CB800DA220C /* PySwiftyRegex.swift in Sources */,
				FEEA88071DE389490086134E /* JSON.swift in Sources */,
				FE097BE51DC2A53100F2AF2D /* NetworkHelper.swift in Sources */,
				FEEAAC871DECC397007A7269 /* PortalClient.swift in Sources */,
				FEEAAC831DECB68F007A7269 /* SessionDelegate.swift in Sources */,
				OBJ_19 /* main.swift in Sources */,
				FE5111D51DC689BC00DA220C /* Regex.swift in Sources */,
			);
			runOnlyForDeploymentPostprocessing = 0;
		};
/* End PBXSourcesBuildPhase section */

/* Begin XCBuildConfiguration section */
		OBJ_16 /* Debug */ = {
			isa = XCBuildConfiguration;
			buildSettings = {
				FRAMEWORK_SEARCH_PATHS = "$(PLATFORM_DIR)/Developer/Library/Frameworks";
				HEADER_SEARCH_PATHS = "";
				INFOPLIST_FILE = swiftlane.xcodeproj/swiftlane_Info.plist;
				LD_RUNPATH_SEARCH_PATHS = "$(TOOLCHAIN_DIR)/usr/lib/swift/macosx @executable_path";
				OTHER_LDFLAGS = "$(inherited)";
				OTHER_SWIFT_FLAGS = "$(inherited)";
				SUPPORTED_PLATFORMS = macosx;
				SWIFT_ACTIVE_COMPILATION_CONDITIONS = SWIFT_PACKAGE;
				SWIFT_FORCE_DYNAMIC_LINK_STDLIB = YES;
				SWIFT_FORCE_STATIC_LINK_STDLIB = NO;
				SWIFT_VERSION = 3.0;
				TARGET_NAME = swiftlane;
			};
			name = Debug;
		};
		OBJ_17 /* Release */ = {
			isa = XCBuildConfiguration;
			buildSettings = {
				FRAMEWORK_SEARCH_PATHS = "$(PLATFORM_DIR)/Developer/Library/Frameworks";
				HEADER_SEARCH_PATHS = "";
				INFOPLIST_FILE = swiftlane.xcodeproj/swiftlane_Info.plist;
				LD_RUNPATH_SEARCH_PATHS = "$(TOOLCHAIN_DIR)/usr/lib/swift/macosx @executable_path";
				OTHER_LDFLAGS = "$(inherited)";
				OTHER_SWIFT_FLAGS = "$(inherited)";
				SUPPORTED_PLATFORMS = macosx;
				SWIFT_ACTIVE_COMPILATION_CONDITIONS = SWIFT_PACKAGE;
				SWIFT_FORCE_DYNAMIC_LINK_STDLIB = YES;
				SWIFT_FORCE_STATIC_LINK_STDLIB = NO;
				SWIFT_VERSION = 3.0;
				TARGET_NAME = swiftlane;
			};
			name = Release;
		};
		OBJ_3 /* Debug */ = {
			isa = XCBuildConfiguration;
			buildSettings = {
				COMBINE_HIDPI_IMAGES = YES;
				COPY_PHASE_STRIP = NO;
				DEBUG_INFORMATION_FORMAT = dwarf;
				DYLIB_INSTALL_NAME_BASE = "@rpath";
				ENABLE_NS_ASSERTIONS = YES;
				GCC_OPTIMIZATION_LEVEL = 0;
				MACOSX_DEPLOYMENT_TARGET = 10.10;
				ONLY_ACTIVE_ARCH = YES;
				OTHER_SWIFT_FLAGS = "-DXcode";
				PRODUCT_NAME = "$(TARGET_NAME)";
				SUPPORTED_PLATFORMS = "macosx iphoneos iphonesimulator appletvos appletvsimulator watchos watchsimulator";
				SWIFT_OPTIMIZATION_LEVEL = "-Onone";
				USE_HEADERMAP = NO;
			};
			name = Debug;
		};
		OBJ_4 /* Release */ = {
			isa = XCBuildConfiguration;
			buildSettings = {
				COMBINE_HIDPI_IMAGES = YES;
				COPY_PHASE_STRIP = YES;
				DEBUG_INFORMATION_FORMAT = "dwarf-with-dsym";
				DYLIB_INSTALL_NAME_BASE = "@rpath";
				GCC_OPTIMIZATION_LEVEL = s;
				MACOSX_DEPLOYMENT_TARGET = 10.10;
				OTHER_SWIFT_FLAGS = "-DXcode";
				PRODUCT_NAME = "$(TARGET_NAME)";
				SUPPORTED_PLATFORMS = "macosx iphoneos iphonesimulator appletvos appletvsimulator watchos watchsimulator";
				SWIFT_OPTIMIZATION_LEVEL = "-O";
				USE_HEADERMAP = NO;
			};
			name = Release;
		};
/* End XCBuildConfiguration section */

/* Begin XCConfigurationList section */
		OBJ_15 /* Build configuration list for PBXNativeTarget "swiftlane" */ = {
			isa = XCConfigurationList;
			buildConfigurations = (
				OBJ_16 /* Debug */,
				OBJ_17 /* Release */,
			);
			defaultConfigurationIsVisible = 0;
			defaultConfigurationName = Debug;
		};
		OBJ_2 /* Build configuration list for PBXProject "swiftlane" */ = {
			isa = XCConfigurationList;
			buildConfigurations = (
				OBJ_3 /* Debug */,
				OBJ_4 /* Release */,
			);
			defaultConfigurationIsVisible = 0;
			defaultConfigurationName = Debug;
		};
/* End XCConfigurationList section */
	};
	rootObject = OBJ_1 /* Project object */;
}
